PODS:
  - Alamofire (5.7.1)
  - Kingfisher (7.9.1)

DEPENDENCIES:
  - Alamofire
  - Kingfisher

SPEC REPOS:
  trunk:
    - Alamofire
    - Kingfisher

SPEC CHECKSUMS:
  Alamofire: 0123a34370cb170936ae79a8df46cc62b2edeb88
  Kingfisher: 1d14e9f59cbe19389f591c929000332bf70efd32

PODFILE CHECKSUM: 68afb2375024ffd709bf1627a3cb7e94fe284b93

COCOAPODS: 1.12.1
